
Microsoft Visual Studio Solution File, Format Version 12.00
# Visual Studio 15
VisualStudioVersion = 15.0.28307.168
MinimumVisualStudioVersion = 10.0.40219.1
Project("{FAE04EC0-301F-11D3-BF4B-00C04F79EFBC}") = "MentormateTask", "MentormateTask.csproj", "{80BE5065-2244-4115-A8DF-F67DD533205A}"
EndProject
Global
	GlobalSection(SolutionConfigurationPlatforms) = preSolution
		Debug|Any CPU = Debug|Any CPU
		Release|Any CPU = Release|Any CPU
	EndGlobalSection
	GlobalSection(ProjectConfigurationPlatforms) = postSolution
		{80BE5065-2244-4115-A8DF-F67DD533205A}.Debug|Any CPU.ActiveCfg = Debug|Any CPU
		{80BE5065-2244-4115-A8DF-F67DD533205A}.Debug|Any CPU.Build.0 = Debug|Any CPU
		{80BE5065-2244-4115-A8DF-F67DD533205A}.Release|Any CPU.ActiveCfg = Release|Any CPU
		{80BE5065-2244-4115-A8DF-F67DD533205A}.Release|Any CPU.Build.0 = Release|Any CPU
	EndGlobalSection
	GlobalSection(SolutionProperties) = preSolution
		HideSolutionNode = FALSE
	EndGlobalSection
	GlobalSection(ExtensibilityGlobals) = postSolution
		SolutionGuid = {8DAE9261-C4F4-4535-8769-4AA257157457}
	EndGlobalSection
EndGlobal
